
Microsoft Visual Studio Solution File, Format Version 12.00
# Visual Studio Version 16
VisualStudioVersion = 16.0.29521.150
MinimumVisualStudioVersion = 15.0.26124.0
Project("{2150E333-8FDC-42A3-9474-1A3956D46DE8}") = "src", "src", "{D93B9803-C5EF-4B06-9B46-58AD8F276A97}"
	ProjectSection(SolutionItems) = preProject
		src\Directory.Build.props = src\Directory.Build.props
	EndProjectSection
EndProject
Project("{9A19103F-16F7-4668-BE54-9A1E7A4F7556}") = "Foo.AspNetCore", "src\Foo.AspNetCore\Foo.AspNetCore.csproj", "{67D14E67-1E5B-4245-899D-88B60135AAEC}"
EndProject
Project("{9A19103F-16F7-4668-BE54-9A1E7A4F7556}") = "Foo", "src\Foo\Foo.csproj", "{B7DFDBEA-B52E-475D-BFFF-6A5743DAB462}"
EndProject
Project("{2150E333-8FDC-42A3-9474-1A3956D46DE8}") = "test", "test", "{01364805-85DD-437B-B266-20019B11226E}"
	ProjectSection(SolutionItems) = preProject
		test\Directory.Build.props = test\Directory.Build.props
	EndProjectSection
EndProject
Project("{9A19103F-16F7-4668-BE54-9A1E7A4F7556}") = "Foo.Tests", "test\Foo.Tests\Foo.Tests.csproj", "{49363FE9-65A0-43E7-A89D-58D987D0D1FB}"
EndProject
Project("{9A19103F-16F7-4668-BE54-9A1E7A4F7556}") = "Foo.AspNetCore.Tests", "test\Foo.AspNetCore.Tests\Foo.AspNetCore.Tests.csproj", "{625A26F8-6431-4664-80E6-CEB8D5F7F8EA}"
EndProject
Project("{2150E333-8FDC-42A3-9474-1A3956D46DE8}") = "samples", "samples", "{646105D8-BA40-4AB3-9D2E-9825D0258B3B}"
	ProjectSection(SolutionItems) = preProject
		samples\Directory.Build.props = samples\Directory.Build.props
	EndProjectSection
EndProject
Project("{9A19103F-16F7-4668-BE54-9A1E7A4F7556}") = "FooSample", "samples\FooSample\FooSample.csproj", "{80229A2D-5E04-4205-8C57-75A2DF911774}"
EndProject
Project("{2150E333-8FDC-42A3-9474-1A3956D46DE8}") = ".root", ".root", "{7C162130-A330-4568-B716-98E8D6BEBDCC}"
	ProjectSection(SolutionItems) = preProject
		.editorconfig = .editorconfig
		.gitignore = .gitignore
		Directory.Build.props = Directory.Build.props
		Directory.Build.targets = Directory.Build.targets
		global.json = global.json
		README.md = README.md
	EndProjectSection
EndProject
Project("{2150E333-8FDC-42A3-9474-1A3956D46DE8}") = ".config", ".config", "{24B6C674-3235-40B6-84AA-1B50298BFC89}"
	ProjectSection(SolutionItems) = preProject
		.config\dotnet-tools.json = .config\dotnet-tools.json
	EndProjectSection
EndProject
Project("{2150E333-8FDC-42A3-9474-1A3956D46DE8}") = "build", "build", "{50508C0E-07AF-48CB-A1CA-5446031DAA76}"
	ProjectSection(SolutionItems) = preProject
		build\Build.proj = build\Build.proj
		build\dependencies.props = build\dependencies.props
		build\sources.props = build\sources.props
		build\version.props = build\version.props
	EndProjectSection
EndProject
Global
	GlobalSection(SolutionConfigurationPlatforms) = preSolution
		Debug|Any CPU = Debug|Any CPU
		Debug|x64 = Debug|x64
		Debug|x86 = Debug|x86
		Release|Any CPU = Release|Any CPU
		Release|x64 = Release|x64
		Release|x86 = Release|x86
	EndGlobalSection
	GlobalSection(ProjectConfigurationPlatforms) = postSolution
		{67D14E67-1E5B-4245-899D-88B60135AAEC}.Debug|Any CPU.ActiveCfg = Debug|Any CPU
		{67D14E67-1E5B-4245-899D-88B60135AAEC}.Debug|Any CPU.Build.0 = Debug|Any CPU
		{67D14E67-1E5B-4245-899D-88B60135AAEC}.Debug|x64.ActiveCfg = Debug|Any CPU
		{67D14E67-1E5B-4245-899D-88B60135AAEC}.Debug|x64.Build.0 = Debug|Any CPU
		{67D14E67-1E5B-4245-899D-88B60135AAEC}.Debug|x86.ActiveCfg = Debug|Any CPU
		{67D14E67-1E5B-4245-899D-88B60135AAEC}.Debug|x86.Build.0 = Debug|Any CPU
		{67D14E67-1E5B-4245-899D-88B60135AAEC}.Release|Any CPU.ActiveCfg = Release|Any CPU
		{67D14E67-1E5B-4245-899D-88B60135AAEC}.Release|Any CPU.Build.0 = Release|Any CPU
		{67D14E67-1E5B-4245-899D-88B60135AAEC}.Release|x64.ActiveCfg = Release|Any CPU
		{67D14E67-1E5B-4245-899D-88B60135AAEC}.Release|x64.Build.0 = Release|Any CPU
		{67D14E67-1E5B-4245-899D-88B60135AAEC}.Release|x86.ActiveCfg = Release|Any CPU
		{67D14E67-1E5B-4245-899D-88B60135AAEC}.Release|x86.Build.0 = Release|Any CPU
		{B7DFDBEA-B52E-475D-BFFF-6A5743DAB462}.Debug|Any CPU.ActiveCfg = Debug|Any CPU
		{B7DFDBEA-B52E-475D-BFFF-6A5743DAB462}.Debug|Any CPU.Build.0 = Debug|Any CPU
		{B7DFDBEA-B52E-475D-BFFF-6A5743DAB462}.Debug|x64.ActiveCfg = Debug|Any CPU
		{B7DFDBEA-B52E-475D-BFFF-6A5743DAB462}.Debug|x64.Build.0 = Debug|Any CPU
		{B7DFDBEA-B52E-475D-BFFF-6A5743DAB462}.Debug|x86.ActiveCfg = Debug|Any CPU
		{B7DFDBEA-B52E-475D-BFFF-6A5743DAB462}.Debug|x86.Build.0 = Debug|Any CPU
		{B7DFDBEA-B52E-475D-BFFF-6A5743DAB462}.Release|Any CPU.ActiveCfg = Release|Any CPU
		{B7DFDBEA-B52E-475D-BFFF-6A5743DAB462}.Release|Any CPU.Build.0 = Release|Any CPU
		{B7DFDBEA-B52E-475D-BFFF-6A5743DAB462}.Release|x64.ActiveCfg = Release|Any CPU
		{B7DFDBEA-B52E-475D-BFFF-6A5743DAB462}.Release|x64.Build.0 = Release|Any CPU
		{B7DFDBEA-B52E-475D-BFFF-6A5743DAB462}.Release|x86.ActiveCfg = Release|Any CPU
		{B7DFDBEA-B52E-475D-BFFF-6A5743DAB462}.Release|x86.Build.0 = Release|Any CPU
		{49363FE9-65A0-43E7-A89D-58D987D0D1FB}.Debug|Any CPU.ActiveCfg = Debug|Any CPU
		{49363FE9-65A0-43E7-A89D-58D987D0D1FB}.Debug|Any CPU.Build.0 = Debug|Any CPU
		{49363FE9-65A0-43E7-A89D-58D987D0D1FB}.Debug|x64.ActiveCfg = Debug|Any CPU
		{49363FE9-65A0-43E7-A89D-58D987D0D1FB}.Debug|x64.Build.0 = Debug|Any CPU
		{49363FE9-65A0-43E7-A89D-58D987D0D1FB}.Debug|x86.ActiveCfg = Debug|Any CPU
		{49363FE9-65A0-43E7-A89D-58D987D0D1FB}.Debug|x86.Build.0 = Debug|Any CPU
		{49363FE9-65A0-43E7-A89D-58D987D0D1FB}.Release|Any CPU.ActiveCfg = Release|Any CPU
		{49363FE9-65A0-43E7-A89D-58D987D0D1FB}.Release|Any CPU.Build.0 = Release|Any CPU
		{49363FE9-65A0-43E7-A89D-58D987D0D1FB}.Release|x64.ActiveCfg = Release|Any CPU
		{49363FE9-65A0-43E7-A89D-58D987D0D1FB}.Release|x64.Build.0 = Release|Any CPU
		{49363FE9-65A0-43E7-A89D-58D987D0D1FB}.Release|x86.ActiveCfg = Release|Any CPU
		{49363FE9-65A0-43E7-A89D-58D987D0D1FB}.Release|x86.Build.0 = Release|Any CPU
		{625A26F8-6431-4664-80E6-CEB8D5F7F8EA}.Debug|Any CPU.ActiveCfg = Debug|Any CPU
		{625A26F8-6431-4664-80E6-CEB8D5F7F8EA}.Debug|Any CPU.Build.0 = Debug|Any CPU
		{625A26F8-6431-4664-80E6-CEB8D5F7F8EA}.Debug|x64.ActiveCfg = Debug|Any CPU
		{625A26F8-6431-4664-80E6-CEB8D5F7F8EA}.Debug|x64.Build.0 = Debug|Any CPU
		{625A26F8-6431-4664-80E6-CEB8D5F7F8EA}.Debug|x86.ActiveCfg = Debug|Any CPU
		{625A26F8-6431-4664-80E6-CEB8D5F7F8EA}.Debug|x86.Build.0 = Debug|Any CPU
		{625A26F8-6431-4664-80E6-CEB8D5F7F8EA}.Release|Any CPU.ActiveCfg = Release|Any CPU
		{625A26F8-6431-4664-80E6-CEB8D5F7F8EA}.Release|Any CPU.Build.0 = Release|Any CPU
		{625A26F8-6431-4664-80E6-CEB8D5F7F8EA}.Release|x64.ActiveCfg = Release|Any CPU
		{625A26F8-6431-4664-80E6-CEB8D5F7F8EA}.Release|x64.Build.0 = Release|Any CPU
		{625A26F8-6431-4664-80E6-CEB8D5F7F8EA}.Release|x86.ActiveCfg = Release|Any CPU
		{625A26F8-6431-4664-80E6-CEB8D5F7F8EA}.Release|x86.Build.0 = Release|Any CPU
		{80229A2D-5E04-4205-8C57-75A2DF911774}.Debug|Any CPU.ActiveCfg = Debug|Any CPU
		{80229A2D-5E04-4205-8C57-75A2DF911774}.Debug|Any CPU.Build.0 = Debug|Any CPU
		{80229A2D-5E04-4205-8C57-75A2DF911774}.Debug|x64.ActiveCfg = Debug|Any CPU
		{80229A2D-5E04-4205-8C57-75A2DF911774}.Debug|x64.Build.0 = Debug|Any CPU
		{80229A2D-5E04-4205-8C57-75A2DF911774}.Debug|x86.ActiveCfg = Debug|Any CPU
		{80229A2D-5E04-4205-8C57-75A2DF911774}.Debug|x86.Build.0 = Debug|Any CPU
		{80229A2D-5E04-4205-8C57-75A2DF911774}.Release|Any CPU.ActiveCfg = Release|Any CPU
		{80229A2D-5E04-4205-8C57-75A2DF911774}.Release|Any CPU.Build.0 = Release|Any CPU
		{80229A2D-5E04-4205-8C57-75A2DF911774}.Release|x64.ActiveCfg = Release|Any CPU
		{80229A2D-5E04-4205-8C57-75A2DF911774}.Release|x64.Build.0 = Release|Any CPU
		{80229A2D-5E04-4205-8C57-75A2DF911774}.Release|x86.ActiveCfg = Release|Any CPU
		{80229A2D-5E04-4205-8C57-75A2DF911774}.Release|x86.Build.0 = Release|Any CPU
	EndGlobalSection
	GlobalSection(SolutionProperties) = preSolution
		HideSolutionNode = FALSE
	EndGlobalSection
	GlobalSection(NestedProjects) = preSolution
		{67D14E67-1E5B-4245-899D-88B60135AAEC} = {D93B9803-C5EF-4B06-9B46-58AD8F276A97}
		{B7DFDBEA-B52E-475D-BFFF-6A5743DAB462} = {D93B9803-C5EF-4B06-9B46-58AD8F276A97}
		{49363FE9-65A0-43E7-A89D-58D987D0D1FB} = {01364805-85DD-437B-B266-20019B11226E}
		{625A26F8-6431-4664-80E6-CEB8D5F7F8EA} = {01364805-85DD-437B-B266-20019B11226E}
		{80229A2D-5E04-4205-8C57-75A2DF911774} = {646105D8-BA40-4AB3-9D2E-9825D0258B3B}
	EndGlobalSection
	GlobalSection(ExtensibilityGlobals) = postSolution
		SolutionGuid = {738F190F-40C2-4047-A980-1D5636D54E77}
	EndGlobalSection
EndGlobal
